
Microsoft Visual Studio Solution File, Format Version 12.00
# Visual Studio Version 17
VisualStudioVersion = 17.8.34316.72
MinimumVisualStudioVersion = 10.0.40219.1
Project("{FAE04EC0-301F-11D3-BF4B-00C04F79EFBC}") = "ODEV", "ODEV.csproj", "{46F2F23A-8592-4D23-9A97-6EADD3ACEC5F}"
EndProject
Global
	GlobalSection(SolutionConfigurationPlatforms) = preSolution
		Debug|Any CPU = Debug|Any CPU
		Release|Any CPU = Release|Any CPU
	EndGlobalSection
	GlobalSection(ProjectConfigurationPlatforms) = postSolution
		{46F2F23A-8592-4D23-9A97-6EADD3ACEC5F}.Debug|Any CPU.ActiveCfg = Debug|Any CPU
		{46F2F23A-8592-4D23-9A97-6EADD3ACEC5F}.Debug|Any CPU.Build.0 = Debug|Any CPU
		{46F2F23A-8592-4D23-9A97-6EADD3ACEC5F}.Release|Any CPU.ActiveCfg = Release|Any CPU
		{46F2F23A-8592-4D23-9A97-6EADD3ACEC5F}.Release|Any CPU.Build.0 = Release|Any CPU
	EndGlobalSection
	GlobalSection(SolutionProperties) = preSolution
		HideSolutionNode = FALSE
	EndGlobalSection
	GlobalSection(ExtensibilityGlobals) = postSolution
		SolutionGuid = {FE32CA06-3C39-42E6-B6E5-DC11B684B938}
	EndGlobalSection
EndGlobal
